
Microsoft Visual Studio Solution File, Format Version 12.00
# Visual Studio Version 16
VisualStudioVersion = 16.0.31729.503
MinimumVisualStudioVersion = 10.0.40219.1
Project("{8BC9CEB8-8B4A-11D0-8D11-00A0C91BC942}") = "Go Game", "Go Game.vcxproj", "{AD237DF7-5D05-4E0E-8C7A-300E9FE69C67}"
EndProject
Global
	GlobalSection(SolutionConfigurationPlatforms) = preSolution
		Debug|x64 = Debug|x64
		Debug|x86 = Debug|x86
		Go Game - Game|x64 = Go Game - Game|x64
		Go Game - Game|x86 = Go Game - Game|x86
		Release|x64 = Release|x64
		Release|x86 = Release|x86
	EndGlobalSection
	GlobalSection(ProjectConfigurationPlatforms) = postSolution
		{AD237DF7-5D05-4E0E-8C7A-300E9FE69C67}.Debug|x64.ActiveCfg = Debug|x64
		{AD237DF7-5D05-4E0E-8C7A-300E9FE69C67}.Debug|x64.Build.0 = Debug|x64
		{AD237DF7-5D05-4E0E-8C7A-300E9FE69C67}.Debug|x86.ActiveCfg = Debug|Win32
		{AD237DF7-5D05-4E0E-8C7A-300E9FE69C67}.Debug|x86.Build.0 = Debug|Win32
		{AD237DF7-5D05-4E0E-8C7A-300E9FE69C67}.Go Game - Game|x64.ActiveCfg = Go Game - Game|x64
		{AD237DF7-5D05-4E0E-8C7A-300E9FE69C67}.Go Game - Game|x64.Build.0 = Go Game - Game|x64
		{AD237DF7-5D05-4E0E-8C7A-300E9FE69C67}.Go Game - Game|x86.ActiveCfg = Go Game - Game|Win32
		{AD237DF7-5D05-4E0E-8C7A-300E9FE69C67}.Go Game - Game|x86.Build.0 = Go Game - Game|Win32
		{AD237DF7-5D05-4E0E-8C7A-300E9FE69C67}.Release|x64.ActiveCfg = Release|x64
		{AD237DF7-5D05-4E0E-8C7A-300E9FE69C67}.Release|x64.Build.0 = Release|x64
		{AD237DF7-5D05-4E0E-8C7A-300E9FE69C67}.Release|x86.ActiveCfg = Release|Win32
		{AD237DF7-5D05-4E0E-8C7A-300E9FE69C67}.Release|x86.Build.0 = Release|Win32
	EndGlobalSection
	GlobalSection(SolutionProperties) = preSolution
		HideSolutionNode = FALSE
	EndGlobalSection
	GlobalSection(ExtensibilityGlobals) = postSolution
		SolutionGuid = {8DFD0BA8-A7C8-45AF-9632-23BDF5F5A0D3}
	EndGlobalSection
EndGlobal
